
Microsoft Visual Studio Solution File, Format Version 12.00
# Visual Studio Version 17
VisualStudioVersion = 17.8.34330.188
MinimumVisualStudioVersion = 10.0.40219.1
Project("{9A19103F-16F7-4668-BE54-9A1E7A4F7556}") = "NextDesk.App", "NextDesk.App.csproj", "{2526FFBA-8A1C-49BB-BCD7-16B7000DCB9E}"
EndProject
Project("{9A19103F-16F7-4668-BE54-9A1E7A4F7556}") = "NextDesk.Classes", "..\NextDesk.Classes\NextDesk.Classes.csproj", "{8249F9A0-C641-46BB-8616-901797BECF2B}"
EndProject
Project("{9A19103F-16F7-4668-BE54-9A1E7A4F7556}") = "NextDesk.Components", "..\NextDesk.Components\NextDesk.Components.csproj", "{DEEA1131-80B7-49D8-839B-C2CE4D9454A4}"
EndProject
Project("{9A19103F-16F7-4668-BE54-9A1E7A4F7556}") = "NextDesk.DataService", "..\NextDesk.DataService\NextDesk.DataService.csproj", "{A477F9DC-5DD7-4377-93F6-B8530352BFF4}"
EndProject
Project("{9A19103F-16F7-4668-BE54-9A1E7A4F7556}") = "NextDesk.DataTransferObject", "..\NextDesk.DataTransferObject\NextDesk.DataTransferObject.csproj", "{7D44A0E6-519B-421F-BB2E-C985965E362F}"
EndProject
Project("{9A19103F-16F7-4668-BE54-9A1E7A4F7556}") = "NextDesk.Pages", "..\NextDesk.Pages\NextDesk.Pages.csproj", "{B23A9FE7-7E06-4D86-9538-67AE535E7FFE}"
EndProject
Project("{9A19103F-16F7-4668-BE54-9A1E7A4F7556}") = "NextDesk.Utilitity", "..\NextDesk.Utilitity\NextDesk.Utilitity.csproj", "{CE48B0C9-7F53-4784-9A8B-FE2FC00AD3B5}"
EndProject
Project("{9A19103F-16F7-4668-BE54-9A1E7A4F7556}") = "NextDesk.Server", "..\NextDesk.WebApp\Server\NextDesk.Server.csproj", "{F0CEC7E8-F34F-43E7-AD0D-FDBFD50188C9}"
EndProject
Global
	GlobalSection(SolutionConfigurationPlatforms) = preSolution
		Debug|Any CPU = Debug|Any CPU
		Release|Any CPU = Release|Any CPU
	EndGlobalSection
	GlobalSection(ProjectConfigurationPlatforms) = postSolution
		{2526FFBA-8A1C-49BB-BCD7-16B7000DCB9E}.Debug|Any CPU.ActiveCfg = Debug|Any CPU
		{2526FFBA-8A1C-49BB-BCD7-16B7000DCB9E}.Debug|Any CPU.Build.0 = Debug|Any CPU
		{2526FFBA-8A1C-49BB-BCD7-16B7000DCB9E}.Debug|Any CPU.Deploy.0 = Debug|Any CPU
		{2526FFBA-8A1C-49BB-BCD7-16B7000DCB9E}.Release|Any CPU.ActiveCfg = Release|Any CPU
		{2526FFBA-8A1C-49BB-BCD7-16B7000DCB9E}.Release|Any CPU.Build.0 = Release|Any CPU
		{2526FFBA-8A1C-49BB-BCD7-16B7000DCB9E}.Release|Any CPU.Deploy.0 = Release|Any CPU
		{8249F9A0-C641-46BB-8616-901797BECF2B}.Debug|Any CPU.ActiveCfg = Debug|Any CPU
		{8249F9A0-C641-46BB-8616-901797BECF2B}.Debug|Any CPU.Build.0 = Debug|Any CPU
		{8249F9A0-C641-46BB-8616-901797BECF2B}.Release|Any CPU.ActiveCfg = Release|Any CPU
		{8249F9A0-C641-46BB-8616-901797BECF2B}.Release|Any CPU.Build.0 = Release|Any CPU
		{DEEA1131-80B7-49D8-839B-C2CE4D9454A4}.Debug|Any CPU.ActiveCfg = Debug|Any CPU
		{DEEA1131-80B7-49D8-839B-C2CE4D9454A4}.Debug|Any CPU.Build.0 = Debug|Any CPU
		{DEEA1131-80B7-49D8-839B-C2CE4D9454A4}.Release|Any CPU.ActiveCfg = Release|Any CPU
		{DEEA1131-80B7-49D8-839B-C2CE4D9454A4}.Release|Any CPU.Build.0 = Release|Any CPU
		{A477F9DC-5DD7-4377-93F6-B8530352BFF4}.Debug|Any CPU.ActiveCfg = Debug|Any CPU
		{A477F9DC-5DD7-4377-93F6-B8530352BFF4}.Debug|Any CPU.Build.0 = Debug|Any CPU
		{A477F9DC-5DD7-4377-93F6-B8530352BFF4}.Release|Any CPU.ActiveCfg = Release|Any CPU
		{A477F9DC-5DD7-4377-93F6-B8530352BFF4}.Release|Any CPU.Build.0 = Release|Any CPU
		{7D44A0E6-519B-421F-BB2E-C985965E362F}.Debug|Any CPU.ActiveCfg = Debug|Any CPU
		{7D44A0E6-519B-421F-BB2E-C985965E362F}.Debug|Any CPU.Build.0 = Debug|Any CPU
		{7D44A0E6-519B-421F-BB2E-C985965E362F}.Release|Any CPU.ActiveCfg = Release|Any CPU
		{7D44A0E6-519B-421F-BB2E-C985965E362F}.Release|Any CPU.Build.0 = Release|Any CPU
		{B23A9FE7-7E06-4D86-9538-67AE535E7FFE}.Debug|Any CPU.ActiveCfg = Debug|Any CPU
		{B23A9FE7-7E06-4D86-9538-67AE535E7FFE}.Debug|Any CPU.Build.0 = Debug|Any CPU
		{B23A9FE7-7E06-4D86-9538-67AE535E7FFE}.Release|Any CPU.ActiveCfg = Release|Any CPU
		{B23A9FE7-7E06-4D86-9538-67AE535E7FFE}.Release|Any CPU.Build.0 = Release|Any CPU
		{CE48B0C9-7F53-4784-9A8B-FE2FC00AD3B5}.Debug|Any CPU.ActiveCfg = Debug|Any CPU
		{CE48B0C9-7F53-4784-9A8B-FE2FC00AD3B5}.Debug|Any CPU.Build.0 = Debug|Any CPU
		{CE48B0C9-7F53-4784-9A8B-FE2FC00AD3B5}.Release|Any CPU.ActiveCfg = Release|Any CPU
		{CE48B0C9-7F53-4784-9A8B-FE2FC00AD3B5}.Release|Any CPU.Build.0 = Release|Any CPU
		{F0CEC7E8-F34F-43E7-AD0D-FDBFD50188C9}.Debug|Any CPU.ActiveCfg = Debug|Any CPU
		{F0CEC7E8-F34F-43E7-AD0D-FDBFD50188C9}.Debug|Any CPU.Build.0 = Debug|Any CPU
		{F0CEC7E8-F34F-43E7-AD0D-FDBFD50188C9}.Release|Any CPU.ActiveCfg = Release|Any CPU
		{F0CEC7E8-F34F-43E7-AD0D-FDBFD50188C9}.Release|Any CPU.Build.0 = Release|Any CPU
	EndGlobalSection
	GlobalSection(SolutionProperties) = preSolution
		HideSolutionNode = FALSE
	EndGlobalSection
	GlobalSection(ExtensibilityGlobals) = postSolution
		SolutionGuid = {D9CF2440-C30E-4E5C-869A-6A3058A44105}
	EndGlobalSection
EndGlobal
